
Microsoft Visual Studio Solution File, Format Version 12.00
# Visual Studio Version 17
VisualStudioVersion = 17.0.31903.59
MinimumVisualStudioVersion = 10.0.40219.1
Project("{FAE04EC0-301F-11D3-BF4B-00C04F79EFBC}") = "SampleYarpReverseProxy", "SampleYarpReverseProxy.csproj", "{D71DE9CC-40E0-46D6-B9B1-3F7CDF5C23FC}"
EndProject
Global
	GlobalSection(SolutionConfigurationPlatforms) = preSolution
		Debug|Any CPU = Debug|Any CPU
		Release|Any CPU = Release|Any CPU
	EndGlobalSection
	GlobalSection(ProjectConfigurationPlatforms) = postSolution
		{D71DE9CC-40E0-46D6-B9B1-3F7CDF5C23FC}.Debug|Any CPU.ActiveCfg = Debug|Any CPU
		{D71DE9CC-40E0-46D6-B9B1-3F7CDF5C23FC}.Debug|Any CPU.Build.0 = Debug|Any CPU
		{D71DE9CC-40E0-46D6-B9B1-3F7CDF5C23FC}.Release|Any CPU.ActiveCfg = Release|Any CPU
		{D71DE9CC-40E0-46D6-B9B1-3F7CDF5C23FC}.Release|Any CPU.Build.0 = Release|Any CPU
	EndGlobalSection
	GlobalSection(SolutionProperties) = preSolution
		HideSolutionNode = FALSE
	EndGlobalSection
	GlobalSection(ExtensibilityGlobals) = postSolution
		SolutionGuid = {F9BD17C3-658F-48F4-ADC5-24D639D14E4C}
	EndGlobalSection
EndGlobal
